
Microsoft Visual Studio Solution File, Format Version 12.00
# Visual Studio 15
VisualStudioVersion = 15.0.28307.1000
MinimumVisualStudioVersion = 10.0.40219.1
Project("{FAE04EC0-301F-11D3-BF4B-00C04F79EFBC}") = "TinyERP", "TinyERP\TinyERP.csproj", "{64C21119-996A-429A-80BD-1746E757CF11}"
EndProject
Global
	GlobalSection(SolutionConfigurationPlatforms) = preSolution
		Debug|Any CPU = Debug|Any CPU
		Release|Any CPU = Release|Any CPU
	EndGlobalSection
	GlobalSection(ProjectConfigurationPlatforms) = postSolution
		{64C21119-996A-429A-80BD-1746E757CF11}.Debug|Any CPU.ActiveCfg = Debug|Any CPU
		{64C21119-996A-429A-80BD-1746E757CF11}.Debug|Any CPU.Build.0 = Debug|Any CPU
		{64C21119-996A-429A-80BD-1746E757CF11}.Release|Any CPU.ActiveCfg = Release|Any CPU
		{64C21119-996A-429A-80BD-1746E757CF11}.Release|Any CPU.Build.0 = Release|Any CPU
	EndGlobalSection
	GlobalSection(SolutionProperties) = preSolution
		HideSolutionNode = FALSE
	EndGlobalSection
	GlobalSection(ExtensibilityGlobals) = postSolution
		SolutionGuid = {A545D15E-6A85-4D29-8B64-12054E3E8993}
	EndGlobalSection
EndGlobal
